{
  "requires": true,
  "lockfileVersion": 1,
  "dependencies": {
    "serverless-reqvalidator-plugin": {
      "version": "1.0.3",
      "resolved": "https://registry.npmjs.org/serverless-reqvalidator-plugin/-/serverless-reqvalidator-plugin-1.0.3.tgz",
      "integrity": "sha512-OCGeF2w+LF5ITeWbhK7773j5s5dfM1+Qd92mUC9LAePRSSlxR+dS9wMEzzeOs3sdSeh/b28xRIkNFhFizGnB6Q==",
      "dev": true
    }
  }
}
